{
  "nodes": {
    "lumosql-src": {
      "flake": false,
      "locked": {
        "narHash": "sha256-uXfmaRUlS1+K+TO5lnjDSYGUDl2/s6x8YzjhpC9PjRI=",
        "type": "tarball",
        "url": "https://lumosql.org/dist/lumosql-2022-03-07.tar.gz"
      },
      "original": {
        "type": "tarball",
        "url": "https://lumosql.org/dist/lumosql-2022-03-07.tar.gz"
      }
    },
    "nixpkgs": {
      "locked": {
        "lastModified": 1647992509,
        "narHash": "sha256-AG40Nt5OWz0LBs5p457emOuwLKOvTtcv/2fUdnEN3Ws=",
        "owner": "nixos",
        "repo": "nixpkgs",
        "rev": "d2caa9377539e3b5ff1272ac3aa2d15f3081069f",
        "type": "github"
      },
      "original": {
        "owner": "nixos",
        "ref": "nixos-21.11",
        "repo": "nixpkgs",
        "type": "github"
      }
    },
    "not-fork-src": {
      "flake": false,
      "locked": {
        "narHash": "sha256-sns/w6/pLKB5vAI+7T0EnVQbtz/05BaLE0w1q7LlO0A=",
        "type": "tarball",
        "url": "https://lumosql.org/dist/not-fork-0.5.tar.gz"
      },
      "original": {
        "type": "tarball",
        "url": "https://lumosql.org/dist/not-fork-0.5.tar.gz"
      }
    },
    "root": {
      "inputs": {
        "lumosql-src": "lumosql-src",
        "nixpkgs": "nixpkgs",
        "not-fork-src": "not-fork-src"
      }
    }
  },
  "root": "root",
  "version": 7
}
