{
  "nodes": {
    "lumosql-src": {
      "flake": false,
      "locked": {
        "narHash": "sha256-PM3FluOX28gapBpJKziP6a1dtIBnVu1CrI3CKtYclJQ=",
        "type": "tarball",
        "url": "https://lumosql.org/src/lumosql/tarball/185cc271c1/Lumosql-185cc271c1.tar.gz"
      },
      "original": {
        "type": "tarball",
        "url": "https://lumosql.org/src/lumosql/tarball/185cc271c1/Lumosql-185cc271c1.tar.gz"
      }
    },
    "nixpkgs": {
      "locked": {
        "lastModified": 1651007983,
        "narHash": "sha256-GNay7yDPtLcRcKCNHldug85AhAvBpTtPEJWSSDYBw8U=",
        "owner": "nixos",
        "repo": "nixpkgs",
        "rev": "e10da1c7f542515b609f8dfbcf788f3d85b14936",
        "type": "github"
      },
      "original": {
        "owner": "nixos",
        "ref": "nixos-unstable",
        "repo": "nixpkgs",
        "type": "github"
      }
    },
    "not-fork-src": {
      "flake": false,
      "locked": {
        "narHash": "sha256-bB2J+ZXZGsPG1PPyAEYmCLpVTu2H/wUpNSUBqTdefFY=",
        "type": "tarball",
        "url": "https://lumosql.org/src/not-forking/tarball/4ad471fea7/Not-forking-4ad471fea7.tar.gz"
      },
      "original": {
        "type": "tarball",
        "url": "https://lumosql.org/src/not-forking/tarball/4ad471fea7/Not-forking-4ad471fea7.tar.gz"
      }
    },
    "root": {
      "inputs": {
        "lumosql-src": "lumosql-src",
        "nixpkgs": "nixpkgs",
        "not-fork-src": "not-fork-src"
      }
    }
  },
  "root": "root",
  "version": 7
}
